// !$*UTF8*$!
{
	archiveVersion = 1;
	classes = {
	};
	objectVersion = 56;
	objects = {

/* Begin PBXBuildFile section */
		B67AE1022BB5E6EA000FE2F3 /* MemorizeApp.swift in Sources */ = {isa = PBXBuildFile; fileRef = B67AE1012BB5E6EA000FE2F3 /* MemorizeApp.swift */; };
		B67AE1042BB5E6EA000FE2F3 /* ContentView.swift in Sources */ = {isa = PBXBuildFile; fileRef = B67AE1032BB5E6EA000FE2F3 /* ContentView.swift */; };
		B67AE1062BB5E6EA000FE2F3 /* Item.swift in Sources */ = {isa = PBXBuildFile; fileRef = B67AE1052BB5E6EA000FE2F3 /* Item.swift */; };
		B67AE1082BB5E6EE000FE2F3 /* Assets.xcassets in Resources */ = {isa = PBXBuildFile; fileRef = B67AE1072BB5E6EE000FE2F3 /* Assets.xcassets */; };
		B67AE10B2BB5E6EE000FE2F3 /* Preview Assets.xcassets in Resources */ = {isa = PBXBuildFile; fileRef = B67AE10A2BB5E6EE000FE2F3 /* Preview Assets.xcassets */; };
		B67AE1152BB5E6EE000FE2F3 /* MemorizeTests.swift in Sources */ = {isa = PBXBuildFile; fileRef = B67AE1142BB5E6EE000FE2F3 /* MemorizeTests.swift */; };
		B67AE11F2BB5E6EE000FE2F3 /* MemorizeUITests.swift in Sources */ = {isa = PBXBuildFile; fileRef = B67AE11E2BB5E6EE000FE2F3 /* MemorizeUITests.swift */; };
		B67AE1212BB5E6EE000FE2F3 /* MemorizeUITestsLaunchTests.swift in Sources */ = {isa = PBXBuildFile; fileRef = B67AE1202BB5E6EE000FE2F3 /* MemorizeUITestsLaunchTests.swift */; };
		B67AE12E2BB731A9000FE2F3 /* MemoryGame.swift in Sources */ = {isa = PBXBuildFile; fileRef = B67AE12D2BB731A9000FE2F3 /* MemoryGame.swift */; };
		B67AE1302BB7337A000FE2F3 /* EmojiMemoryGame.swift in Sources */ = {isa = PBXBuildFile; fileRef = B67AE12F2BB7337A000FE2F3 /* EmojiMemoryGame.swift */; };
/* End PBXBuildFile section */

/* Begin PBXContainerItemProxy section */
		B67AE1112BB5E6EE000FE2F3 /* PBXContainerItemProxy */ = {
			isa = PBXContainerItemProxy;
			containerPortal = B67AE0F62BB5E6EA000FE2F3 /* Project object */;
			proxyType = 1;
			remoteGlobalIDString = B67AE0FD2BB5E6EA000FE2F3;
			remoteInfo = Memorize;
		};
		B67AE11B2BB5E6EE000FE2F3 /* PBXContainerItemProxy */ = {
			isa = PBXContainerItemProxy;
			containerPortal = B67AE0F62BB5E6EA000FE2F3 /* Project object */;
			proxyType = 1;
			remoteGlobalIDString = B67AE0FD2BB5E6EA000FE2F3;
			remoteInfo = Memorize;
		};
/* End PBXContainerItemProxy section */

/* Begin PBXFileReference section */
		B67AE0FE2BB5E6EA000FE2F3 /* Memorize.app */ = {isa = PBXFileReference; explicitFileType = wrapper.application; includeInIndex = 0; path = Memorize.app; sourceTree = BUILT_PRODUCTS_DIR; };
		B67AE1012BB5E6EA000FE2F3 /* MemorizeApp.swift */ = {isa = PBXFileReference; lastKnownFileType = sourcecode.swift; path = MemorizeApp.swift; sourceTree = "<group>"; };
		B67AE1032BB5E6EA000FE2F3 /* ContentView.swift */ = {isa = PBXFileReference; lastKnownFileType = sourcecode.swift; path = ContentView.swift; sourceTree = "<group>"; };
		B67AE1052BB5E6EA000FE2F3 /* Item.swift */ = {isa = PBXFileReference; lastKnownFileType = sourcecode.swift; path = Item.swift; sourceTree = "<group>"; };
		B67AE1072BB5E6EE000FE2F3 /* Assets.xcassets */ = {isa = PBXFileReference; lastKnownFileType = folder.assetcatalog; path = Assets.xcassets; sourceTree = "<group>"; };
		B67AE10A2BB5E6EE000FE2F3 /* Preview Assets.xcassets */ = {isa = PBXFileReference; lastKnownFileType = folder.assetcatalog; path = "Preview Assets.xcassets"; sourceTree = "<group>"; };
		B67AE1102BB5E6EE000FE2F3 /* MemorizeTests.xctest */ = {isa = PBXFileReference; explicitFileType = wrapper.cfbundle; includeInIndex = 0; path = MemorizeTests.xctest; sourceTree = BUILT_PRODUCTS_DIR; };
		B67AE1142BB5E6EE000FE2F3 /* MemorizeTests.swift */ = {isa = PBXFileReference; lastKnownFileType = sourcecode.swift; path = MemorizeTests.swift; sourceTree = "<group>"; };
		B67AE11A2BB5E6EE000FE2F3 /* MemorizeUITests.xctest */ = {isa = PBXFileReference; explicitFileType = wrapper.cfbundle; includeInIndex = 0; path = MemorizeUITests.xctest; sourceTree = BUILT_PRODUCTS_DIR; };
		B67AE11E2BB5E6EE000FE2F3 /* MemorizeUITests.swift */ = {isa = PBXFileReference; lastKnownFileType = sourcecode.swift; path = MemorizeUITests.swift; sourceTree = "<group>"; };
		B67AE1202BB5E6EE000FE2F3 /* MemorizeUITestsLaunchTests.swift */ = {isa = PBXFileReference; lastKnownFileType = sourcecode.swift; path = MemorizeUITestsLaunchTests.swift; sourceTree = "<group>"; };
		B67AE12D2BB731A9000FE2F3 /* MemoryGame.swift */ = {isa = PBXFileReference; lastKnownFileType = sourcecode.swift; path = MemoryGame.swift; sourceTree = "<group>"; };
		B67AE12F2BB7337A000FE2F3 /* EmojiMemoryGame.swift */ = {isa = PBXFileReference; lastKnownFileType = sourcecode.swift; path = EmojiMemoryGame.swift; sourceTree = "<group>"; };
/* End PBXFileReference section */

/* Begin PBXFrameworksBuildPhase section */
		B67AE0FB2BB5E6EA000FE2F3 /* Frameworks */ = {
			isa = PBXFrameworksBuildPhase;
			buildActionMask = 2147483647;
			files = (
			);
			runOnlyForDeploymentPostprocessing = 0;
		};
		B67AE10D2BB5E6EE000FE2F3 /* Frameworks */ = {
			isa = PBXFrameworksBuildPhase;
			buildActionMask = 2147483647;
			files = (
			);
			runOnlyForDeploymentPostprocessing = 0;
		};
		B67AE1172BB5E6EE000FE2F3 /* Frameworks */ = {
			isa = PBXFrameworksBuildPhase;
			buildActionMask = 2147483647;
			files = (
			);
			runOnlyForDeploymentPostprocessing = 0;
		};
/* End PBXFrameworksBuildPhase section */

/* Begin PBXGroup section */
		B67AE0F52BB5E6EA000FE2F3 = {
			isa = PBXGroup;
			children = (
				B67AE1002BB5E6EA000FE2F3 /* Memorize */,
				B67AE1132BB5E6EE000FE2F3 /* MemorizeTests */,
				B67AE11D2BB5E6EE000FE2F3 /* MemorizeUITests */,
				B67AE0FF2BB5E6EA000FE2F3 /* Products */,
			);
			sourceTree = "<group>";
		};
		B67AE0FF2BB5E6EA000FE2F3 /* Products */ = {
			isa = PBXGroup;
			children = (
				B67AE0FE2BB5E6EA000FE2F3 /* Memorize.app */,
				B67AE1102BB5E6EE000FE2F3 /* MemorizeTests.xctest */,
				B67AE11A2BB5E6EE000FE2F3 /* MemorizeUITests.xctest */,
			);
			name = Products;
			sourceTree = "<group>";
		};
		B67AE1002BB5E6EA000FE2F3 /* Memorize */ = {
			isa = PBXGroup;
			children = (
				B67AE1012BB5E6EA000FE2F3 /* MemorizeApp.swift */,
				B67AE1032BB5E6EA000FE2F3 /* ContentView.swift */,
				B67AE12D2BB731A9000FE2F3 /* MemoryGame.swift */,
				B67AE12F2BB7337A000FE2F3 /* EmojiMemoryGame.swift */,
				B67AE1052BB5E6EA000FE2F3 /* Item.swift */,
				B67AE1072BB5E6EE000FE2F3 /* Assets.xcassets */,
				B67AE1092BB5E6EE000FE2F3 /* Preview Content */,
			);
			path = Memorize;
			sourceTree = "<group>";
		};
		B67AE1092BB5E6EE000FE2F3 /* Preview Content */ = {
			isa = PBXGroup;
			children = (
				B67AE10A2BB5E6EE000FE2F3 /* Preview Assets.xcassets */,
			);
			path = "Preview Content";
			sourceTree = "<group>";
		};
		B67AE1132BB5E6EE000FE2F3 /* MemorizeTests */ = {
			isa = PBXGroup;
			children = (
				B67AE1142BB5E6EE000FE2F3 /* MemorizeTests.swift */,
			);
			path = MemorizeTests;
			sourceTree = "<group>";
		};
		B67AE11D2BB5E6EE000FE2F3 /* MemorizeUITests */ = {
			isa = PBXGroup;
			children = (
				B67AE11E2BB5E6EE000FE2F3 /* MemorizeUITests.swift */,
				B67AE1202BB5E6EE000FE2F3 /* MemorizeUITestsLaunchTests.swift */,
			);
			path = MemorizeUITests;
			sourceTree = "<group>";
		};
/* End PBXGroup section */

/* Begin PBXNativeTarget section */
		B67AE0FD2BB5E6EA000FE2F3 /* Memorize */ = {
			isa = PBXNativeTarget;
			buildConfigurationList = B67AE1242BB5E6EE000FE2F3 /* Build configuration list for PBXNativeTarget "Memorize" */;
			buildPhases = (
				B67AE0FA2BB5E6EA000FE2F3 /* Sources */,
				B67AE0FB2BB5E6EA000FE2F3 /* Frameworks */,
				B67AE0FC2BB5E6EA000FE2F3 /* Resources */,
			);
			buildRules = (
			);
			dependencies = (
			);
			name = Memorize;
			productName = Memorize;
			productReference = B67AE0FE2BB5E6EA000FE2F3 /* Memorize.app */;
			productType = "com.apple.product-type.application";
		};
		B67AE10F2BB5E6EE000FE2F3 /* MemorizeTests */ = {
			isa = PBXNativeTarget;
			buildConfigurationList = B67AE1272BB5E6EE000FE2F3 /* Build configuration list for PBXNativeTarget "MemorizeTests" */;
			buildPhases = (
				B67AE10C2BB5E6EE000FE2F3 /* Sources */,
				B67AE10D2BB5E6EE000FE2F3 /* Frameworks */,
				B67AE10E2BB5E6EE000FE2F3 /* Resources */,
			);
			buildRules = (
			);
			dependencies = (
				B67AE1122BB5E6EE000FE2F3 /* PBXTargetDependency */,
			);
			name = MemorizeTests;
			productName = MemorizeTests;
			productReference = B67AE1102BB5E6EE000FE2F3 /* MemorizeTests.xctest */;
			productType = "com.apple.product-type.bundle.unit-test";
		};
		B67AE1192BB5E6EE000FE2F3 /* MemorizeUITests */ = {
			isa = PBXNativeTarget;
			buildConfigurationList = B67AE12A2BB5E6EE000FE2F3 /* Build configuration list for PBXNativeTarget "MemorizeUITests" */;
			buildPhases = (
				B67AE1162BB5E6EE000FE2F3 /* Sources */,
				B67AE1172BB5E6EE000FE2F3 /* Frameworks */,
				B67AE1182BB5E6EE000FE2F3 /* Resources */,
			);
			buildRules = (
			);
			dependencies = (
				B67AE11C2BB5E6EE000FE2F3 /* PBXTargetDependency */,
			);
			name = MemorizeUITests;
			productName = MemorizeUITests;
			productReference = B67AE11A2BB5E6EE000FE2F3 /* MemorizeUITests.xctest */;
			productType = "com.apple.product-type.bundle.ui-testing";
		};
/* End PBXNativeTarget section */

/* Begin PBXProject section */
		B67AE0F62BB5E6EA000FE2F3 /* Project object */ = {
			isa = PBXProject;
			attributes = {
				BuildIndependentTargetsInParallel = 1;
				LastSwiftUpdateCheck = 1520;
				LastUpgradeCheck = 1520;
				TargetAttributes = {
					B67AE0FD2BB5E6EA000FE2F3 = {
						CreatedOnToolsVersion = 15.2;
					};
					B67AE10F2BB5E6EE000FE2F3 = {
						CreatedOnToolsVersion = 15.2;
						TestTargetID = B67AE0FD2BB5E6EA000FE2F3;
					};
					B67AE1192BB5E6EE000FE2F3 = {
						CreatedOnToolsVersion = 15.2;
						TestTargetID = B67AE0FD2BB5E6EA000FE2F3;
					};
				};
			};
			buildConfigurationList = B67AE0F92BB5E6EA000FE2F3 /* Build configuration list for PBXProject "Memorize" */;
			compatibilityVersion = "Xcode 14.0";
			developmentRegion = en;
			hasScannedForEncodings = 0;
			knownRegions = (
				en,
				Base,
			);
			mainGroup = B67AE0F52BB5E6EA000FE2F3;
			productRefGroup = B67AE0FF2BB5E6EA000FE2F3 /* Products */;
			projectDirPath = "";
			projectRoot = "";
			targets = (
				B67AE0FD2BB5E6EA000FE2F3 /* Memorize */,
				B67AE10F2BB5E6EE000FE2F3 /* MemorizeTests */,
				B67AE1192BB5E6EE000FE2F3 /* MemorizeUITests */,
			);
		};
/* End PBXProject section */

/* Begin PBXResourcesBuildPhase section */
		B67AE0FC2BB5E6EA000FE2F3 /* Resources */ = {
			isa = PBXResourcesBuildPhase;
			buildActionMask = 2147483647;
			files = (
				B67AE10B2BB5E6EE000FE2F3 /* Preview Assets.xcassets in Resources */,
				B67AE1082BB5E6EE000FE2F3 /* Assets.xcassets in Resources */,
			);
			runOnlyForDeploymentPostprocessing = 0;
		};
		B67AE10E2BB5E6EE000FE2F3 /* Resources */ = {
			isa = PBXResourcesBuildPhase;
			buildActionMask = 2147483647;
			files = (
			);
			runOnlyForDeploymentPostprocessing = 0;
		};
		B67AE1182BB5E6EE000FE2F3 /* Resources */ = {
			isa = PBXResourcesBuildPhase;
			buildActionMask = 2147483647;
			files = (
			);
			runOnlyForDeploymentPostprocessing = 0;
		};
/* End PBXResourcesBuildPhase section */

/* Begin PBXSourcesBuildPhase section */
		B67AE0FA2BB5E6EA000FE2F3 /* Sources */ = {
			isa = PBXSourcesBuildPhase;
			buildActionMask = 2147483647;
			files = (
				B67AE1042BB5E6EA000FE2F3 /* ContentView.swift in Sources */,
				B67AE1062BB5E6EA000FE2F3 /* Item.swift in Sources */,
				B67AE12E2BB731A9000FE2F3 /* MemoryGame.swift in Sources */,
				B67AE1022BB5E6EA000FE2F3 /* MemorizeApp.swift in Sources */,
				B67AE1302BB7337A000FE2F3 /* EmojiMemoryGame.swift in Sources */,
			);
			runOnlyForDeploymentPostprocessing = 0;
		};
		B67AE10C2BB5E6EE000FE2F3 /* Sources */ = {
			isa = PBXSourcesBuildPhase;
			buildActionMask = 2147483647;
			files = (
				B67AE1152BB5E6EE000FE2F3 /* MemorizeTests.swift in Sources */,
			);
			runOnlyForDeploymentPostprocessing = 0;
		};
		B67AE1162BB5E6EE000FE2F3 /* Sources */ = {
			isa = PBXSourcesBuildPhase;
			buildActionMask = 2147483647;
			files = (
				B67AE1212BB5E6EE000FE2F3 /* MemorizeUITestsLaunchTests.swift in Sources */,
				B67AE11F2BB5E6EE000FE2F3 /* MemorizeUITests.swift in Sources */,
			);
			runOnlyForDeploymentPostprocessing = 0;
		};
/* End PBXSourcesBuildPhase section */

/* Begin PBXTargetDependency section */
		B67AE1122BB5E6EE000FE2F3 /* PBXTargetDependency */ = {
			isa = PBXTargetDependency;
			target = B67AE0FD2BB5E6EA000FE2F3 /* Memorize */;
			targetProxy = B67AE1112BB5E6EE000FE2F3 /* PBXContainerItemProxy */;
		};
		B67AE11C2BB5E6EE000FE2F3 /* PBXTargetDependency */ = {
			isa = PBXTargetDependency;
			target = B67AE0FD2BB5E6EA000FE2F3 /* Memorize */;
			targetProxy = B67AE11B2BB5E6EE000FE2F3 /* PBXContainerItemProxy */;
		};
/* End PBXTargetDependency section */

/* Begin XCBuildConfiguration section */
		B67AE1222BB5E6EE000FE2F3 /* Debug */ = {
			isa = XCBuildConfiguration;
			buildSettings = {
				ALWAYS_SEARCH_USER_PATHS = NO;
				ASSETCATALOG_COMPILER_GENERATE_SWIFT_ASSET_SYMBOL_EXTENSIONS = YES;
				CLANG_ANALYZER_NONNULL = YES;
				CLANG_ANALYZER_NUMBER_OBJECT_CONVERSION = YES_AGGRESSIVE;
				CLANG_CXX_LANGUAGE_STANDARD = "gnu++20";
				CLANG_ENABLE_MODULES = YES;
				CLANG_ENABLE_OBJC_ARC = YES;
				CLANG_ENABLE_OBJC_WEAK = YES;
				CLANG_WARN_BLOCK_CAPTURE_AUTORELEASING = YES;
				CLANG_WARN_BOOL_CONVERSION = YES;
				CLANG_WARN_COMMA = YES;
				CLANG_WARN_CONSTANT_CONVERSION = YES;
				CLANG_WARN_DEPRECATED_OBJC_IMPLEMENTATIONS = YES;
				CLANG_WARN_DIRECT_OBJC_ISA_USAGE = YES_ERROR;
				CLANG_WARN_DOCUMENTATION_COMMENTS = YES;
				CLANG_WARN_EMPTY_BODY = YES;
				CLANG_WARN_ENUM_CONVERSION = YES;
				CLANG_WARN_INFINITE_RECURSION = YES;
				CLANG_WARN_INT_CONVERSION = YES;
				CLANG_WARN_NON_LITERAL_NULL_CONVERSION = YES;
				CLANG_WARN_OBJC_IMPLICIT_RETAIN_SELF = YES;
				CLANG_WARN_OBJC_LITERAL_CONVERSION = YES;
				CLANG_WARN_OBJC_ROOT_CLASS = YES_ERROR;
				CLANG_WARN_QUOTED_INCLUDE_IN_FRAMEWORK_HEADER = YES;
				CLANG_WARN_RANGE_LOOP_ANALYSIS = YES;
				CLANG_WARN_STRICT_PROTOTYPES = YES;
				CLANG_WARN_SUSPICIOUS_MOVE = YES;
				CLANG_WARN_UNGUARDED_AVAILABILITY = YES_AGGRESSIVE;
				CLANG_WARN_UNREACHABLE_CODE = YES;
				CLANG_WARN__DUPLICATE_METHOD_MATCH = YES;
				COPY_PHASE_STRIP = NO;
				DEBUG_INFORMATION_FORMAT = dwarf;
				ENABLE_STRICT_OBJC_MSGSEND = YES;
				ENABLE_TESTABILITY = YES;
				ENABLE_USER_SCRIPT_SANDBOXING = YES;
				GCC_C_LANGUAGE_STANDARD = gnu17;
				GCC_DYNAMIC_NO_PIC = NO;
				GCC_NO_COMMON_BLOCKS = YES;
				GCC_OPTIMIZATION_LEVEL = 0;
				GCC_PREPROCESSOR_DEFINITIONS = (
					"DEBUG=1",
					"$(inherited)",
				);
				GCC_WARN_64_TO_32_BIT_CONVERSION = YES;
				GCC_WARN_ABOUT_RETURN_TYPE = YES_ERROR;
				GCC_WARN_UNDECLARED_SELECTOR = YES;
				GCC_WARN_UNINITIALIZED_AUTOS = YES_AGGRESSIVE;
				GCC_WARN_UNUSED_FUNCTION = YES;
				GCC_WARN_UNUSED_VARIABLE = YES;
				IPHONEOS_DEPLOYMENT_TARGET = 17.2;
				LOCALIZATION_PREFERS_STRING_CATALOGS = YES;
				MTL_ENABLE_DEBUG_INFO = INCLUDE_SOURCE;
				MTL_FAST_MATH = YES;
				ONLY_ACTIVE_ARCH = YES;
				SDKROOT = iphoneos;
				SWIFT_ACTIVE_COMPILATION_CONDITIONS = "DEBUG $(inherited)";
				SWIFT_OPTIMIZATION_LEVEL = "-Onone";
			};
			name = Debug;
		};
		B67AE1232BB5E6EE000FE2F3 /* Release */ = {
			isa = XCBuildConfiguration;
			buildSettings = {
				ALWAYS_SEARCH_USER_PATHS = NO;
				ASSETCATALOG_COMPILER_GENERATE_SWIFT_ASSET_SYMBOL_EXTENSIONS = YES;
				CLANG_ANALYZER_NONNULL = YES;
				CLANG_ANALYZER_NUMBER_OBJECT_CONVERSION = YES_AGGRESSIVE;
				CLANG_CXX_LANGUAGE_STANDARD = "gnu++20";
				CLANG_ENABLE_MODULES = YES;
				CLANG_ENABLE_OBJC_ARC = YES;
				CLANG_ENABLE_OBJC_WEAK = YES;
				CLANG_WARN_BLOCK_CAPTURE_AUTORELEASING = YES;
				CLANG_WARN_BOOL_CONVERSION = YES;
				CLANG_WARN_COMMA = YES;
				CLANG_WARN_CONSTANT_CONVERSION = YES;
				CLANG_WARN_DEPRECATED_OBJC_IMPLEMENTATIONS = YES;
				CLANG_WARN_DIRECT_OBJC_ISA_USAGE = YES_ERROR;
				CLANG_WARN_DOCUMENTATION_COMMENTS = YES;
				CLANG_WARN_EMPTY_BODY = YES;
				CLANG_WARN_ENUM_CONVERSION = YES;
				CLANG_WARN_INFINITE_RECURSION = YES;
				CLANG_WARN_INT_CONVERSION = YES;
				CLANG_WARN_NON_LITERAL_NULL_CONVERSION = YES;
				CLANG_WARN_OBJC_IMPLICIT_RETAIN_SELF = YES;
				CLANG_WARN_OBJC_LITERAL_CONVERSION = YES;
				CLANG_WARN_OBJC_ROOT_CLASS = YES_ERROR;
				CLANG_WARN_QUOTED_INCLUDE_IN_FRAMEWORK_HEADER = YES;
				CLANG_WARN_RANGE_LOOP_ANALYSIS = YES;
				CLANG_WARN_STRICT_PROTOTYPES = YES;
				CLANG_WARN_SUSPICIOUS_MOVE = YES;
				CLANG_WARN_UNGUARDED_AVAILABILITY = YES_AGGRESSIVE;
				CLANG_WARN_UNREACHABLE_CODE = YES;
				CLANG_WARN__DUPLICATE_METHOD_MATCH = YES;
				COPY_PHASE_STRIP = NO;
				DEBUG_INFORMATION_FORMAT = "dwarf-with-dsym";
				ENABLE_NS_ASSERTIONS = NO;
				ENABLE_STRICT_OBJC_MSGSEND = YES;
				ENABLE_USER_SCRIPT_SANDBOXING = YES;
				GCC_C_LANGUAGE_STANDARD = gnu17;
				GCC_NO_COMMON_BLOCKS = YES;
				GCC_WARN_64_TO_32_BIT_CONVERSION = YES;
				GCC_WARN_ABOUT_RETURN_TYPE = YES_ERROR;
				GCC_WARN_UNDECLARED_SELECTOR = YES;
				GCC_WARN_UNINITIALIZED_AUTOS = YES_AGGRESSIVE;
				GCC_WARN_UNUSED_FUNCTION = YES;
				GCC_WARN_UNUSED_VARIABLE = YES;
				IPHONEOS_DEPLOYMENT_TARGET = 17.2;
				LOCALIZATION_PREFERS_STRING_CATALOGS = YES;
				MTL_ENABLE_DEBUG_INFO = NO;
				MTL_FAST_MATH = YES;
				SDKROOT = iphoneos;
				SWIFT_COMPILATION_MODE = wholemodule;
				VALIDATE_PRODUCT = YES;
			};
			name = Release;
		};
		B67AE1252BB5E6EE000FE2F3 /* Debug */ = {
			isa = XCBuildConfiguration;
			buildSettings = {
				ASSETCATALOG_COMPILER_APPICON_NAME = AppIcon;
				ASSETCATALOG_COMPILER_GLOBAL_ACCENT_COLOR_NAME = AccentColor;
				CODE_SIGN_STYLE = Automatic;
				CURRENT_PROJECT_VERSION = 1;
				DEVELOPMENT_ASSET_PATHS = "\"Memorize/Preview Content\"";
				ENABLE_PREVIEWS = YES;
				GENERATE_INFOPLIST_FILE = YES;
				INFOPLIST_KEY_UIApplicationSceneManifest_Generation = YES;
				INFOPLIST_KEY_UIApplicationSupportsIndirectInputEvents = YES;
				INFOPLIST_KEY_UILaunchScreen_Generation = YES;
				INFOPLIST_KEY_UISupportedInterfaceOrientations_iPad = "UIInterfaceOrientationPortrait UIInterfaceOrientationPortraitUpsideDown UIInterfaceOrientationLandscapeLeft UIInterfaceOrientationLandscapeRight";
				INFOPLIST_KEY_UISupportedInterfaceOrientations_iPhone = "UIInterfaceOrientationPortrait UIInterfaceOrientationLandscapeLeft UIInterfaceOrientationLandscapeRight";
				LD_RUNPATH_SEARCH_PATHS = (
					"$(inherited)",
					"@executable_path/Frameworks",
				);
				MARKETING_VERSION = 1.0;
				PRODUCT_BUNDLE_IDENTIFIER = phredTsui.Memorize;
				PRODUCT_NAME = "$(TARGET_NAME)";
				SWIFT_EMIT_LOC_STRINGS = YES;
				SWIFT_VERSION = 5.0;
				TARGETED_DEVICE_FAMILY = "1,2";
			};
			name = Debug;
		};
		B67AE1262BB5E6EE000FE2F3 /* Release */ = {
			isa = XCBuildConfiguration;
			buildSettings = {
				ASSETCATALOG_COMPILER_APPICON_NAME = AppIcon;
				ASSETCATALOG_COMPILER_GLOBAL_ACCENT_COLOR_NAME = AccentColor;
				CODE_SIGN_STYLE = Automatic;
				CURRENT_PROJECT_VERSION = 1;
				DEVELOPMENT_ASSET_PATHS = "\"Memorize/Preview Content\"";
				ENABLE_PREVIEWS = YES;
				GENERATE_INFOPLIST_FILE = YES;
				INFOPLIST_KEY_UIApplicationSceneManifest_Generation = YES;
				INFOPLIST_KEY_UIApplicationSupportsIndirectInputEvents = YES;
				INFOPLIST_KEY_UILaunchScreen_Generation = YES;
				INFOPLIST_KEY_UISupportedInterfaceOrientations_iPad = "UIInterfaceOrientationPortrait UIInterfaceOrientationPortraitUpsideDown UIInterfaceOrientationLandscapeLeft UIInterfaceOrientationLandscapeRight";
				INFOPLIST_KEY_UISupportedInterfaceOrientations_iPhone = "UIInterfaceOrientationPortrait UIInterfaceOrientationLandscapeLeft UIInterfaceOrientationLandscapeRight";
				LD_RUNPATH_SEARCH_PATHS = (
					"$(inherited)",
					"@executable_path/Frameworks",
				);
				MARKETING_VERSION = 1.0;
				PRODUCT_BUNDLE_IDENTIFIER = phredTsui.Memorize;
				PRODUCT_NAME = "$(TARGET_NAME)";
				SWIFT_EMIT_LOC_STRINGS = YES;
				SWIFT_VERSION = 5.0;
				TARGETED_DEVICE_FAMILY = "1,2";
			};
			name = Release;
		};
		B67AE1282BB5E6EE000FE2F3 /* Debug */ = {
			isa = XCBuildConfiguration;
			buildSettings = {
				ALWAYS_EMBED_SWIFT_STANDARD_LIBRARIES = YES;
				BUNDLE_LOADER = "$(TEST_HOST)";
				CODE_SIGN_STYLE = Automatic;
				CURRENT_PROJECT_VERSION = 1;
				GENERATE_INFOPLIST_FILE = YES;
				IPHONEOS_DEPLOYMENT_TARGET = 17.2;
				MARKETING_VERSION = 1.0;
				PRODUCT_BUNDLE_IDENTIFIER = phredTsui.MemorizeTests;
				PRODUCT_NAME = "$(TARGET_NAME)";
				SWIFT_EMIT_LOC_STRINGS = NO;
				SWIFT_VERSION = 5.0;
				TARGETED_DEVICE_FAMILY = "1,2";
				TEST_HOST = "$(BUILT_PRODUCTS_DIR)/Memorize.app/$(BUNDLE_EXECUTABLE_FOLDER_PATH)/Memorize";
			};
			name = Debug;
		};
		B67AE1292BB5E6EE000FE2F3 /* Release */ = {
			isa = XCBuildConfiguration;
			buildSettings = {
				ALWAYS_EMBED_SWIFT_STANDARD_LIBRARIES = YES;
				BUNDLE_LOADER = "$(TEST_HOST)";
				CODE_SIGN_STYLE = Automatic;
				CURRENT_PROJECT_VERSION = 1;
				GENERATE_INFOPLIST_FILE = YES;
				IPHONEOS_DEPLOYMENT_TARGET = 17.2;
				MARKETING_VERSION = 1.0;
				PRODUCT_BUNDLE_IDENTIFIER = phredTsui.MemorizeTests;
				PRODUCT_NAME = "$(TARGET_NAME)";
				SWIFT_EMIT_LOC_STRINGS = NO;
				SWIFT_VERSION = 5.0;
				TARGETED_DEVICE_FAMILY = "1,2";
				TEST_HOST = "$(BUILT_PRODUCTS_DIR)/Memorize.app/$(BUNDLE_EXECUTABLE_FOLDER_PATH)/Memorize";
			};
			name = Release;
		};
		B67AE12B2BB5E6EE000FE2F3 /* Debug */ = {
			isa = XCBuildConfiguration;
			buildSettings = {
				ALWAYS_EMBED_SWIFT_STANDARD_LIBRARIES = YES;
				CODE_SIGN_STYLE = Automatic;
				CURRENT_PROJECT_VERSION = 1;
				GENERATE_INFOPLIST_FILE = YES;
				MARKETING_VERSION = 1.0;
				PRODUCT_BUNDLE_IDENTIFIER = phredTsui.MemorizeUITests;
				PRODUCT_NAME = "$(TARGET_NAME)";
				SWIFT_EMIT_LOC_STRINGS = NO;
				SWIFT_VERSION = 5.0;
				TARGETED_DEVICE_FAMILY = "1,2";
				TEST_TARGET_NAME = Memorize;
			};
			name = Debug;
		};
		B67AE12C2BB5E6EE000FE2F3 /* Release */ = {
			isa = XCBuildConfiguration;
			buildSettings = {
				ALWAYS_EMBED_SWIFT_STANDARD_LIBRARIES = YES;
				CODE_SIGN_STYLE = Automatic;
				CURRENT_PROJECT_VERSION = 1;
				GENERATE_INFOPLIST_FILE = YES;
				MARKETING_VERSION = 1.0;
				PRODUCT_BUNDLE_IDENTIFIER = phredTsui.MemorizeUITests;
				PRODUCT_NAME = "$(TARGET_NAME)";
				SWIFT_EMIT_LOC_STRINGS = NO;
				SWIFT_VERSION = 5.0;
				TARGETED_DEVICE_FAMILY = "1,2";
				TEST_TARGET_NAME = Memorize;
			};
			name = Release;
		};
/* End XCBuildConfiguration section */

/* Begin XCConfigurationList section */
		B67AE0F92BB5E6EA000FE2F3 /* Build configuration list for PBXProject "Memorize" */ = {
			isa = XCConfigurationList;
			buildConfigurations = (
				B67AE1222BB5E6EE000FE2F3 /* Debug */,
				B67AE1232BB5E6EE000FE2F3 /* Release */,
			);
			defaultConfigurationIsVisible = 0;
			defaultConfigurationName = Release;
		};
		B67AE1242BB5E6EE000FE2F3 /* Build configuration list for PBXNativeTarget "Memorize" */ = {
			isa = XCConfigurationList;
			buildConfigurations = (
				B67AE1252BB5E6EE000FE2F3 /* Debug */,
				B67AE1262BB5E6EE000FE2F3 /* Release */,
			);
			defaultConfigurationIsVisible = 0;
			defaultConfigurationName = Release;
		};
		B67AE1272BB5E6EE000FE2F3 /* Build configuration list for PBXNativeTarget "MemorizeTests" */ = {
			isa = XCConfigurationList;
			buildConfigurations = (
				B67AE1282BB5E6EE000FE2F3 /* Debug */,
				B67AE1292BB5E6EE000FE2F3 /* Release */,
			);
			defaultConfigurationIsVisible = 0;
			defaultConfigurationName = Release;
		};
		B67AE12A2BB5E6EE000FE2F3 /* Build configuration list for PBXNativeTarget "MemorizeUITests" */ = {
			isa = XCConfigurationList;
			buildConfigurations = (
				B67AE12B2BB5E6EE000FE2F3 /* Debug */,
				B67AE12C2BB5E6EE000FE2F3 /* Release */,
			);
			defaultConfigurationIsVisible = 0;
			defaultConfigurationName = Release;
		};
/* End XCConfigurationList section */
	};
	rootObject = B67AE0F62BB5E6EA000FE2F3 /* Project object */;
}
